
Microsoft Visual Studio Solution File, Format Version 12.00
Project("{FAE04EC0-301F-11D3-BF4B-00C04F79EFBC}") = "Backend.RestApi", "Backend.RestApi\Backend.RestApi.csproj", "{CFD42437-5E7F-4811-925C-5952F10C25BB}"
EndProject
Project("{2150E333-8FDC-42A3-9474-1A3956D46DE8}") = "Solution Items", "Solution Items", "{2DB9C3F5-792D-49E4-BCE7-1088681F6010}"
	ProjectSection(SolutionItems) = preProject
		docker-compose.yml = docker-compose.yml
	EndProjectSection
EndProject
Project("{2150E333-8FDC-42A3-9474-1A3956D46DE8}") = "Tests", "Tests", "{6306DF9D-6E28-49DA-8440-C2D7F1528175}"
EndProject
Project("{FAE04EC0-301F-11D3-BF4B-00C04F79EFBC}") = "RestApiBackend.Test", "RestApiBackend.Test\RestApiBackend.Test.csproj", "{AB6E0C4A-57DD-4930-ABE2-11F3055A0CCC}"
EndProject
Project("{FAE04EC0-301F-11D3-BF4B-00C04F79EFBC}") = "Backend.Common", "Backend.Common\Backend.Common.csproj", "{2ACB2426-EF6C-463A-8CB8-7D31C96A9007}"
EndProject
Project("{FAE04EC0-301F-11D3-BF4B-00C04F79EFBC}") = "Backend.Html", "Backend.Html\Backend.Html.csproj", "{A365F637-4071-41A1-AECA-ADBBF512E69D}"
EndProject
Global
	GlobalSection(SolutionConfigurationPlatforms) = preSolution
		Debug|Any CPU = Debug|Any CPU
		Release|Any CPU = Release|Any CPU
	EndGlobalSection
	GlobalSection(ProjectConfigurationPlatforms) = postSolution
		{CFD42437-5E7F-4811-925C-5952F10C25BB}.Debug|Any CPU.ActiveCfg = Debug|Any CPU
		{CFD42437-5E7F-4811-925C-5952F10C25BB}.Debug|Any CPU.Build.0 = Debug|Any CPU
		{CFD42437-5E7F-4811-925C-5952F10C25BB}.Release|Any CPU.ActiveCfg = Release|Any CPU
		{CFD42437-5E7F-4811-925C-5952F10C25BB}.Release|Any CPU.Build.0 = Release|Any CPU
		{AB6E0C4A-57DD-4930-ABE2-11F3055A0CCC}.Debug|Any CPU.ActiveCfg = Debug|Any CPU
		{AB6E0C4A-57DD-4930-ABE2-11F3055A0CCC}.Debug|Any CPU.Build.0 = Debug|Any CPU
		{AB6E0C4A-57DD-4930-ABE2-11F3055A0CCC}.Release|Any CPU.ActiveCfg = Release|Any CPU
		{AB6E0C4A-57DD-4930-ABE2-11F3055A0CCC}.Release|Any CPU.Build.0 = Release|Any CPU
		{2ACB2426-EF6C-463A-8CB8-7D31C96A9007}.Debug|Any CPU.ActiveCfg = Debug|Any CPU
		{2ACB2426-EF6C-463A-8CB8-7D31C96A9007}.Debug|Any CPU.Build.0 = Debug|Any CPU
		{2ACB2426-EF6C-463A-8CB8-7D31C96A9007}.Release|Any CPU.ActiveCfg = Release|Any CPU
		{2ACB2426-EF6C-463A-8CB8-7D31C96A9007}.Release|Any CPU.Build.0 = Release|Any CPU
		{A365F637-4071-41A1-AECA-ADBBF512E69D}.Debug|Any CPU.ActiveCfg = Debug|Any CPU
		{A365F637-4071-41A1-AECA-ADBBF512E69D}.Debug|Any CPU.Build.0 = Debug|Any CPU
		{A365F637-4071-41A1-AECA-ADBBF512E69D}.Release|Any CPU.ActiveCfg = Release|Any CPU
		{A365F637-4071-41A1-AECA-ADBBF512E69D}.Release|Any CPU.Build.0 = Release|Any CPU
	EndGlobalSection
	GlobalSection(NestedProjects) = preSolution
		{AB6E0C4A-57DD-4930-ABE2-11F3055A0CCC} = {6306DF9D-6E28-49DA-8440-C2D7F1528175}
	EndGlobalSection
EndGlobal
